// !$*UTF8*$!
{
	archiveVersion = 1;
	classes = {
	};
	objectVersion = 46;
	objects = {

/* Begin PBXBuildFile section */
		441B3B791F212DCE006AC4CD /* AddPlayerViewController.swift in Sources */ = {isa = PBXBuildFile; fileRef = 441B3B781F212DCE006AC4CD /* AddPlayerViewController.swift */; };
		444818871F20235B00C0F643 /* Player.swift in Sources */ = {isa = PBXBuildFile; fileRef = 444818861F20235B00C0F643 /* Player.swift */; };
		44AFB0DB1F22A61D0018B78B /* DisplayTeamViewController.swift in Sources */ = {isa = PBXBuildFile; fileRef = 44AFB0DA1F22A61D0018B78B /* DisplayTeamViewController.swift */; };
		44AFB0DD1F22AF6E0018B78B /* TeamATableViewCell.swift in Sources */ = {isa = PBXBuildFile; fileRef = 44AFB0DC1F22AF6E0018B78B /* TeamATableViewCell.swift */; };
		44AFB0DF1F22AF870018B78B /* TeamBTableViewCell.swift in Sources */ = {isa = PBXBuildFile; fileRef = 44AFB0DE1F22AF870018B78B /* TeamBTableViewCell.swift */; };
		44D920F11F1EA07D0015809B /* AppDelegate.swift in Sources */ = {isa = PBXBuildFile; fileRef = 44D920F01F1EA07D0015809B /* AppDelegate.swift */; };
		44D920F31F1EA07D0015809B /* ListPlayersViewController.swift in Sources */ = {isa = PBXBuildFile; fileRef = 44D920F21F1EA07D0015809B /* ListPlayersViewController.swift */; };
		44D920F61F1EA07D0015809B /* Main.storyboard in Resources */ = {isa = PBXBuildFile; fileRef = 44D920F41F1EA07D0015809B /* Main.storyboard */; };
		44D920F81F1EA07D0015809B /* Assets.xcassets in Resources */ = {isa = PBXBuildFile; fileRef = 44D920F71F1EA07D0015809B /* Assets.xcassets */; };
		44D920FB1F1EA07D0015809B /* LaunchScreen.storyboard in Resources */ = {isa = PBXBuildFile; fileRef = 44D920F91F1EA07D0015809B /* LaunchScreen.storyboard */; };
		44D921031F1EA6FE0015809B /* PlayerTableViewCell.swift in Sources */ = {isa = PBXBuildFile; fileRef = 44D921021F1EA6FE0015809B /* PlayerTableViewCell.swift */; };
/* End PBXBuildFile section */

/* Begin PBXFileReference section */
		441B3B781F212DCE006AC4CD /* AddPlayerViewController.swift */ = {isa = PBXFileReference; fileEncoding = 4; lastKnownFileType = sourcecode.swift; path = AddPlayerViewController.swift; sourceTree = "<group>"; };
		444818861F20235B00C0F643 /* Player.swift */ = {isa = PBXFileReference; fileEncoding = 4; lastKnownFileType = sourcecode.swift; path = Player.swift; sourceTree = "<group>"; };
		44AFB0DA1F22A61D0018B78B /* DisplayTeamViewController.swift */ = {isa = PBXFileReference; fileEncoding = 4; lastKnownFileType = sourcecode.swift; path = DisplayTeamViewController.swift; sourceTree = "<group>"; };
		44AFB0DC1F22AF6E0018B78B /* TeamATableViewCell.swift */ = {isa = PBXFileReference; fileEncoding = 4; lastKnownFileType = sourcecode.swift; path = TeamATableViewCell.swift; sourceTree = "<group>"; };
		44AFB0DE1F22AF870018B78B /* TeamBTableViewCell.swift */ = {isa = PBXFileReference; fileEncoding = 4; lastKnownFileType = sourcecode.swift; path = TeamBTableViewCell.swift; sourceTree = "<group>"; };
		44D920ED1F1EA07D0015809B /* Pelada.app */ = {isa = PBXFileReference; explicitFileType = wrapper.application; includeInIndex = 0; path = Pelada.app; sourceTree = BUILT_PRODUCTS_DIR; };
		44D920F01F1EA07D0015809B /* AppDelegate.swift */ = {isa = PBXFileReference; lastKnownFileType = sourcecode.swift; path = AppDelegate.swift; sourceTree = "<group>"; };
		44D920F21F1EA07D0015809B /* ListPlayersViewController.swift */ = {isa = PBXFileReference; lastKnownFileType = sourcecode.swift; path = ListPlayersViewController.swift; sourceTree = "<group>"; };
		44D920F51F1EA07D0015809B /* Base */ = {isa = PBXFileReference; lastKnownFileType = file.storyboard; name = Base; path = Base.lproj/Main.storyboard; sourceTree = "<group>"; };
		44D920F71F1EA07D0015809B /* Assets.xcassets */ = {isa = PBXFileReference; lastKnownFileType = folder.assetcatalog; path = Assets.xcassets; sourceTree = "<group>"; };
		44D920FA1F1EA07D0015809B /* Base */ = {isa = PBXFileReference; lastKnownFileType = file.storyboard; name = Base; path = Base.lproj/LaunchScreen.storyboard; sourceTree = "<group>"; };
		44D920FC1F1EA07D0015809B /* Info.plist */ = {isa = PBXFileReference; lastKnownFileType = text.plist.xml; path = Info.plist; sourceTree = "<group>"; };
		44D921021F1EA6FE0015809B /* PlayerTableViewCell.swift */ = {isa = PBXFileReference; fileEncoding = 4; lastKnownFileType = sourcecode.swift; path = PlayerTableViewCell.swift; sourceTree = "<group>"; };
/* End PBXFileReference section */

/* Begin PBXFrameworksBuildPhase section */
		44D920EA1F1EA07D0015809B /* Frameworks */ = {
			isa = PBXFrameworksBuildPhase;
			buildActionMask = 2147483647;
			files = (
			);
			runOnlyForDeploymentPostprocessing = 0;
		};
/* End PBXFrameworksBuildPhase section */

/* Begin PBXGroup section */
		44D920E41F1EA07D0015809B = {
			isa = PBXGroup;
			children = (
				44D920EF1F1EA07D0015809B /* Pelada */,
				44D920EE1F1EA07D0015809B /* Products */,
			);
			sourceTree = "<group>";
		};
		44D920EE1F1EA07D0015809B /* Products */ = {
			isa = PBXGroup;
			children = (
				44D920ED1F1EA07D0015809B /* Pelada.app */,
			);
			name = Products;
			sourceTree = "<group>";
		};
		44D920EF1F1EA07D0015809B /* Pelada */ = {
			isa = PBXGroup;
			children = (
				44D920F01F1EA07D0015809B /* AppDelegate.swift */,
				44D920F21F1EA07D0015809B /* ListPlayersViewController.swift */,
				44D920F41F1EA07D0015809B /* Main.storyboard */,
				44D920F71F1EA07D0015809B /* Assets.xcassets */,
				44D920F91F1EA07D0015809B /* LaunchScreen.storyboard */,
				44D920FC1F1EA07D0015809B /* Info.plist */,
				44D921021F1EA6FE0015809B /* PlayerTableViewCell.swift */,
				444818861F20235B00C0F643 /* Player.swift */,
				441B3B781F212DCE006AC4CD /* AddPlayerViewController.swift */,
				44AFB0DA1F22A61D0018B78B /* DisplayTeamViewController.swift */,
				44AFB0DC1F22AF6E0018B78B /* TeamATableViewCell.swift */,
				44AFB0DE1F22AF870018B78B /* TeamBTableViewCell.swift */,
			);
			path = Pelada;
			sourceTree = "<group>";
		};
/* End PBXGroup section */

/* Begin PBXNativeTarget section */
		44D920EC1F1EA07D0015809B /* Pelada */ = {
			isa = PBXNativeTarget;
			buildConfigurationList = 44D920FF1F1EA07D0015809B /* Build configuration list for PBXNativeTarget "Pelada" */;
			buildPhases = (
				44D920E91F1EA07D0015809B /* Sources */,
				44D920EA1F1EA07D0015809B /* Frameworks */,
				44D920EB1F1EA07D0015809B /* Resources */,
			);
			buildRules = (
			);
			dependencies = (
			);
			name = Pelada;
			productName = Pelada;
			productReference = 44D920ED1F1EA07D0015809B /* Pelada.app */;
			productType = "com.apple.product-type.application";
		};
/* End PBXNativeTarget section */

/* Begin PBXProject section */
		44D920E51F1EA07D0015809B /* Project object */ = {
			isa = PBXProject;
			attributes = {
				KnownAssetTags = (
					0,
					1,
				);
				LastSwiftUpdateCheck = 0830;
				LastUpgradeCheck = 0830;
				ORGANIZATIONNAME = "Make School";
				TargetAttributes = {
					44D920EC1F1EA07D0015809B = {
						CreatedOnToolsVersion = 8.3.3;
						DevelopmentTeam = KL6F7ZTYS8;
						ProvisioningStyle = Automatic;
					};
				};
			};
			buildConfigurationList = 44D920E81F1EA07D0015809B /* Build configuration list for PBXProject "Pelada" */;
			compatibilityVersion = "Xcode 3.2";
			developmentRegion = English;
			hasScannedForEncodings = 0;
			knownRegions = (
				en,
				Base,
			);
			mainGroup = 44D920E41F1EA07D0015809B;
			productRefGroup = 44D920EE1F1EA07D0015809B /* Products */;
			projectDirPath = "";
			projectRoot = "";
			targets = (
				44D920EC1F1EA07D0015809B /* Pelada */,
			);
		};
/* End PBXProject section */

/* Begin PBXResourcesBuildPhase section */
		44D920EB1F1EA07D0015809B /* Resources */ = {
			isa = PBXResourcesBuildPhase;
			buildActionMask = 2147483647;
			files = (
				44D920FB1F1EA07D0015809B /* LaunchScreen.storyboard in Resources */,
				44D920F81F1EA07D0015809B /* Assets.xcassets in Resources */,
				44D920F61F1EA07D0015809B /* Main.storyboard in Resources */,
			);
			runOnlyForDeploymentPostprocessing = 0;
		};
/* End PBXResourcesBuildPhase section */

/* Begin PBXSourcesBuildPhase section */
		44D920E91F1EA07D0015809B /* Sources */ = {
			isa = PBXSourcesBuildPhase;
			buildActionMask = 2147483647;
			files = (
				444818871F20235B00C0F643 /* Player.swift in Sources */,
				441B3B791F212DCE006AC4CD /* AddPlayerViewController.swift in Sources */,
				44AFB0DB1F22A61D0018B78B /* DisplayTeamViewController.swift in Sources */,
				44D921031F1EA6FE0015809B /* PlayerTableViewCell.swift in Sources */,
				44D920F31F1EA07D0015809B /* ListPlayersViewController.swift in Sources */,
				44D920F11F1EA07D0015809B /* AppDelegate.swift in Sources */,
				44AFB0DD1F22AF6E0018B78B /* TeamATableViewCell.swift in Sources */,
				44AFB0DF1F22AF870018B78B /* TeamBTableViewCell.swift in Sources */,
			);
			runOnlyForDeploymentPostprocessing = 0;
		};
/* End PBXSourcesBuildPhase section */

/* Begin PBXVariantGroup section */
		44D920F41F1EA07D0015809B /* Main.storyboard */ = {
			isa = PBXVariantGroup;
			children = (
				44D920F51F1EA07D0015809B /* Base */,
			);
			name = Main.storyboard;
			sourceTree = "<group>";
		};
		44D920F91F1EA07D0015809B /* LaunchScreen.storyboard */ = {
			isa = PBXVariantGroup;
			children = (
				44D920FA1F1EA07D0015809B /* Base */,
			);
			name = LaunchScreen.storyboard;
			sourceTree = "<group>";
		};
/* End PBXVariantGroup section */

/* Begin XCBuildConfiguration section */
		44D920FD1F1EA07D0015809B /* Debug */ = {
			isa = XCBuildConfiguration;
			buildSettings = {
				ALWAYS_SEARCH_USER_PATHS = NO;
				CLANG_ANALYZER_NONNULL = YES;
				CLANG_ANALYZER_NUMBER_OBJECT_CONVERSION = YES_AGGRESSIVE;
				CLANG_CXX_LANGUAGE_STANDARD = "gnu++0x";
				CLANG_CXX_LIBRARY = "libc++";
				CLANG_ENABLE_MODULES = YES;
				CLANG_ENABLE_OBJC_ARC = YES;
				CLANG_WARN_BOOL_CONVERSION = YES;
				CLANG_WARN_CONSTANT_CONVERSION = YES;
				CLANG_WARN_DIRECT_OBJC_ISA_USAGE = YES_ERROR;
				CLANG_WARN_DOCUMENTATION_COMMENTS = YES;
				CLANG_WARN_EMPTY_BODY = YES;
				CLANG_WARN_ENUM_CONVERSION = YES;
				CLANG_WARN_INFINITE_RECURSION = YES;
				CLANG_WARN_INT_CONVERSION = YES;
				CLANG_WARN_OBJC_ROOT_CLASS = YES_ERROR;
				CLANG_WARN_SUSPICIOUS_MOVE = YES;
				CLANG_WARN_UNREACHABLE_CODE = YES;
				CLANG_WARN__DUPLICATE_METHOD_MATCH = YES;
				"CODE_SIGN_IDENTITY[sdk=iphoneos*]" = "iPhone Developer";
				COPY_PHASE_STRIP = NO;
				DEBUG_INFORMATION_FORMAT = dwarf;
				ENABLE_STRICT_OBJC_MSGSEND = YES;
				ENABLE_TESTABILITY = YES;
				GCC_C_LANGUAGE_STANDARD = gnu99;
				GCC_DYNAMIC_NO_PIC = NO;
				GCC_NO_COMMON_BLOCKS = YES;
				GCC_OPTIMIZATION_LEVEL = 0;
				GCC_PREPROCESSOR_DEFINITIONS = (
					"DEBUG=1",
					"$(inherited)",
				);
				GCC_WARN_64_TO_32_BIT_CONVERSION = YES;
				GCC_WARN_ABOUT_RETURN_TYPE = YES_ERROR;
				GCC_WARN_UNDECLARED_SELECTOR = YES;
				GCC_WARN_UNINITIALIZED_AUTOS = YES_AGGRESSIVE;
				GCC_WARN_UNUSED_FUNCTION = YES;
				GCC_WARN_UNUSED_VARIABLE = YES;
				IPHONEOS_DEPLOYMENT_TARGET = 10.3;
				MTL_ENABLE_DEBUG_INFO = YES;
				ONLY_ACTIVE_ARCH = YES;
				SDKROOT = iphoneos;
				SWIFT_ACTIVE_COMPILATION_CONDITIONS = DEBUG;
				SWIFT_OPTIMIZATION_LEVEL = "-Onone";
			};
			name = Debug;
		};
		44D920FE1F1EA07D0015809B /* Release */ = {
			isa = XCBuildConfiguration;
			buildSettings = {
				ALWAYS_SEARCH_USER_PATHS = NO;
				CLANG_ANALYZER_NONNULL = YES;
				CLANG_ANALYZER_NUMBER_OBJECT_CONVERSION = YES_AGGRESSIVE;
				CLANG_CXX_LANGUAGE_STANDARD = "gnu++0x";
				CLANG_CXX_LIBRARY = "libc++";
				CLANG_ENABLE_MODULES = YES;
				CLANG_ENABLE_OBJC_ARC = YES;
				CLANG_WARN_BOOL_CONVERSION = YES;
				CLANG_WARN_CONSTANT_CONVERSION = YES;
				CLANG_WARN_DIRECT_OBJC_ISA_USAGE = YES_ERROR;
				CLANG_WARN_DOCUMENTATION_COMMENTS = YES;
				CLANG_WARN_EMPTY_BODY = YES;
				CLANG_WARN_ENUM_CONVERSION = YES;
				CLANG_WARN_INFINITE_RECURSION = YES;
				CLANG_WARN_INT_CONVERSION = YES;
				CLANG_WARN_OBJC_ROOT_CLASS = YES_ERROR;
				CLANG_WARN_SUSPICIOUS_MOVE = YES;
				CLANG_WARN_UNREACHABLE_CODE = YES;
				CLANG_WARN__DUPLICATE_METHOD_MATCH = YES;
				"CODE_SIGN_IDENTITY[sdk=iphoneos*]" = "iPhone Developer";
				COPY_PHASE_STRIP = NO;
				DEBUG_INFORMATION_FORMAT = "dwarf-with-dsym";
				ENABLE_NS_ASSERTIONS = NO;
				ENABLE_STRICT_OBJC_MSGSEND = YES;
				GCC_C_LANGUAGE_STANDARD = gnu99;
				GCC_NO_COMMON_BLOCKS = YES;
				GCC_WARN_64_TO_32_BIT_CONVERSION = YES;
				GCC_WARN_ABOUT_RETURN_TYPE = YES_ERROR;
				GCC_WARN_UNDECLARED_SELECTOR = YES;
				GCC_WARN_UNINITIALIZED_AUTOS = YES_AGGRESSIVE;
				GCC_WARN_UNUSED_FUNCTION = YES;
				GCC_WARN_UNUSED_VARIABLE = YES;
				IPHONEOS_DEPLOYMENT_TARGET = 10.3;
				MTL_ENABLE_DEBUG_INFO = NO;
				SDKROOT = iphoneos;
				SWIFT_OPTIMIZATION_LEVEL = "-Owholemodule";
				VALIDATE_PRODUCT = YES;
			};
			name = Release;
		};
		44D921001F1EA07D0015809B /* Debug */ = {
			isa = XCBuildConfiguration;
			buildSettings = {
				ASSETCATALOG_COMPILER_APPICON_NAME = AppIcon;
				DEVELOPMENT_TEAM = KL6F7ZTYS8;
				INFOPLIST_FILE = Pelada/Info.plist;
				LD_RUNPATH_SEARCH_PATHS = "$(inherited) @executable_path/Frameworks";
				PRODUCT_BUNDLE_IDENTIFIER = com.makeschool.Pelada;
				PRODUCT_NAME = "$(TARGET_NAME)";
				SWIFT_VERSION = 3.0;
			};
			name = Debug;
		};
		44D921011F1EA07D0015809B /* Release */ = {
			isa = XCBuildConfiguration;
			buildSettings = {
				ASSETCATALOG_COMPILER_APPICON_NAME = AppIcon;
				DEVELOPMENT_TEAM = KL6F7ZTYS8;
				INFOPLIST_FILE = Pelada/Info.plist;
				LD_RUNPATH_SEARCH_PATHS = "$(inherited) @executable_path/Frameworks";
				PRODUCT_BUNDLE_IDENTIFIER = com.makeschool.Pelada;
				PRODUCT_NAME = "$(TARGET_NAME)";
				SWIFT_VERSION = 3.0;
			};
			name = Release;
		};
/* End XCBuildConfiguration section */

/* Begin XCConfigurationList section */
		44D920E81F1EA07D0015809B /* Build configuration list for PBXProject "Pelada" */ = {
			isa = XCConfigurationList;
			buildConfigurations = (
				44D920FD1F1EA07D0015809B /* Debug */,
				44D920FE1F1EA07D0015809B /* Release */,
			);
			defaultConfigurationIsVisible = 0;
			defaultConfigurationName = Release;
		};
		44D920FF1F1EA07D0015809B /* Build configuration list for PBXNativeTarget "Pelada" */ = {
			isa = XCConfigurationList;
			buildConfigurations = (
				44D921001F1EA07D0015809B /* Debug */,
				44D921011F1EA07D0015809B /* Release */,
			);
			defaultConfigurationIsVisible = 0;
			defaultConfigurationName = Release;
		};
/* End XCConfigurationList section */
	};
	rootObject = 44D920E51F1EA07D0015809B /* Project object */;
}
